
Microsoft Visual Studio Solution File, Format Version 12.00
# Visual Studio Version 16
VisualStudioVersion = 16.0.32901.82
MinimumVisualStudioVersion = 10.0.40219.1
Project("{FAE04EC0-301F-11D3-BF4B-00C04F79EFBC}") = "Drop The Number", "Drop The Number\Drop The Number.csproj", "{D2777342-8B1E-4103-8A5E-7A06E41319F9}"
EndProject
Global
	GlobalSection(SolutionConfigurationPlatforms) = preSolution
		Debug|Any CPU = Debug|Any CPU
		Release|Any CPU = Release|Any CPU
	EndGlobalSection
	GlobalSection(ProjectConfigurationPlatforms) = postSolution
		{D2777342-8B1E-4103-8A5E-7A06E41319F9}.Debug|Any CPU.ActiveCfg = Debug|Any CPU
		{D2777342-8B1E-4103-8A5E-7A06E41319F9}.Debug|Any CPU.Build.0 = Debug|Any CPU
		{D2777342-8B1E-4103-8A5E-7A06E41319F9}.Release|Any CPU.ActiveCfg = Release|Any CPU
		{D2777342-8B1E-4103-8A5E-7A06E41319F9}.Release|Any CPU.Build.0 = Release|Any CPU
	EndGlobalSection
	GlobalSection(SolutionProperties) = preSolution
		HideSolutionNode = FALSE
	EndGlobalSection
	GlobalSection(ExtensibilityGlobals) = postSolution
		SolutionGuid = {488E1278-F16F-40E8-9AAB-7C1F275920E1}
	EndGlobalSection
EndGlobal
